
Microsoft Visual Studio Solution File, Format Version 12.00
# Visual Studio Version 17
VisualStudioVersion = 17.9.34622.214
MinimumVisualStudioVersion = 10.0.40219.1
Project("{FAE04EC0-301F-11D3-BF4B-00C04F79EFBC}") = "LinkShortener", "LinkShortener.csproj", "{13ABE9D0-4A88-4BBF-8762-5FB4C1ABA4FB}"
EndProject
Global
	GlobalSection(SolutionConfigurationPlatforms) = preSolution
		Debug|Any CPU = Debug|Any CPU
		Release|Any CPU = Release|Any CPU
	EndGlobalSection
	GlobalSection(ProjectConfigurationPlatforms) = postSolution
		{13ABE9D0-4A88-4BBF-8762-5FB4C1ABA4FB}.Debug|Any CPU.ActiveCfg = Debug|Any CPU
		{13ABE9D0-4A88-4BBF-8762-5FB4C1ABA4FB}.Debug|Any CPU.Build.0 = Debug|Any CPU
		{13ABE9D0-4A88-4BBF-8762-5FB4C1ABA4FB}.Release|Any CPU.ActiveCfg = Release|Any CPU
		{13ABE9D0-4A88-4BBF-8762-5FB4C1ABA4FB}.Release|Any CPU.Build.0 = Release|Any CPU
	EndGlobalSection
	GlobalSection(SolutionProperties) = preSolution
		HideSolutionNode = FALSE
	EndGlobalSection
	GlobalSection(ExtensibilityGlobals) = postSolution
		SolutionGuid = {5B7902BC-A729-437B-B3BD-D4FB18013639}
	EndGlobalSection
EndGlobal
